
Microsoft Visual Studio Solution File, Format Version 12.00
# Visual Studio Version 17
VisualStudioVersion = 17.7.34024.191
MinimumVisualStudioVersion = 10.0.40219.1
Project("{FAE04EC0-301F-11D3-BF4B-00C04F79EFBC}") = "Kampıntro", "Kampıntro.csproj", "{12BAD1DD-40F9-4518-B3A6-E8E4EB46D1CD}"
EndProject
Project("{FAE04EC0-301F-11D3-BF4B-00C04F79EFBC}") = "Donguler", "..\Donguler\Donguler.csproj", "{DA099CBA-C8C8-42AE-9EA5-B379EE08B991}"
EndProject
Project("{FAE04EC0-301F-11D3-BF4B-00C04F79EFBC}") = "ClassIntro", "..\ClassIntro\ClassIntro.csproj", "{9FBA4BE9-045E-42EF-AE03-06A09206D837}"
EndProject
Project("{FAE04EC0-301F-11D3-BF4B-00C04F79EFBC}") = "Metotlar1", "..\Metotlar1\Metotlar1.csproj", "{D2A28CC3-FEDE-497C-86C5-F849C3670D35}"
EndProject
Project("{FAE04EC0-301F-11D3-BF4B-00C04F79EFBC}") = "Matematik", "..\Matematik\Matematik.csproj", "{43207A95-18C5-42DF-87D4-FADC96958336}"
EndProject
Project("{FAE04EC0-301F-11D3-BF4B-00C04F79EFBC}") = "DeğerVeReferansTipler", "..\DeğerVeReferansTipler\DeğerVeReferansTipler.csproj", "{FCF5DD71-6FED-4583-A13A-4458523F369E}"
EndProject
Project("{FAE04EC0-301F-11D3-BF4B-00C04F79EFBC}") = "OOP1", "..\OOP1\OOP1.csproj", "{C41601DC-4A62-4BA1-969F-8519D4BADE6E}"
EndProject
Project("{FAE04EC0-301F-11D3-BF4B-00C04F79EFBC}") = "Koleksiyonlar", "..\Koleksiyonlar\Koleksiyonlar.csproj", "{BC547DBF-953C-43CD-AC93-ABCFC2FE1765}"
EndProject
Project("{FAE04EC0-301F-11D3-BF4B-00C04F79EFBC}") = "GenericsIntro", "..\GenericsIntro\GenericsIntro.csproj", "{A3462F36-032B-4732-BA55-90FFABB64E37}"
EndProject
Global
	GlobalSection(SolutionConfigurationPlatforms) = preSolution
		Debug|Any CPU = Debug|Any CPU
		Release|Any CPU = Release|Any CPU
	EndGlobalSection
	GlobalSection(ProjectConfigurationPlatforms) = postSolution
		{12BAD1DD-40F9-4518-B3A6-E8E4EB46D1CD}.Debug|Any CPU.ActiveCfg = Debug|Any CPU
		{12BAD1DD-40F9-4518-B3A6-E8E4EB46D1CD}.Debug|Any CPU.Build.0 = Debug|Any CPU
		{12BAD1DD-40F9-4518-B3A6-E8E4EB46D1CD}.Release|Any CPU.ActiveCfg = Release|Any CPU
		{12BAD1DD-40F9-4518-B3A6-E8E4EB46D1CD}.Release|Any CPU.Build.0 = Release|Any CPU
		{DA099CBA-C8C8-42AE-9EA5-B379EE08B991}.Debug|Any CPU.ActiveCfg = Debug|Any CPU
		{DA099CBA-C8C8-42AE-9EA5-B379EE08B991}.Debug|Any CPU.Build.0 = Debug|Any CPU
		{DA099CBA-C8C8-42AE-9EA5-B379EE08B991}.Release|Any CPU.ActiveCfg = Release|Any CPU
		{DA099CBA-C8C8-42AE-9EA5-B379EE08B991}.Release|Any CPU.Build.0 = Release|Any CPU
		{9FBA4BE9-045E-42EF-AE03-06A09206D837}.Debug|Any CPU.ActiveCfg = Debug|Any CPU
		{9FBA4BE9-045E-42EF-AE03-06A09206D837}.Debug|Any CPU.Build.0 = Debug|Any CPU
		{9FBA4BE9-045E-42EF-AE03-06A09206D837}.Release|Any CPU.ActiveCfg = Release|Any CPU
		{9FBA4BE9-045E-42EF-AE03-06A09206D837}.Release|Any CPU.Build.0 = Release|Any CPU
		{D2A28CC3-FEDE-497C-86C5-F849C3670D35}.Debug|Any CPU.ActiveCfg = Debug|Any CPU
		{D2A28CC3-FEDE-497C-86C5-F849C3670D35}.Debug|Any CPU.Build.0 = Debug|Any CPU
		{D2A28CC3-FEDE-497C-86C5-F849C3670D35}.Release|Any CPU.ActiveCfg = Release|Any CPU
		{D2A28CC3-FEDE-497C-86C5-F849C3670D35}.Release|Any CPU.Build.0 = Release|Any CPU
		{43207A95-18C5-42DF-87D4-FADC96958336}.Debug|Any CPU.ActiveCfg = Debug|Any CPU
		{43207A95-18C5-42DF-87D4-FADC96958336}.Debug|Any CPU.Build.0 = Debug|Any CPU
		{43207A95-18C5-42DF-87D4-FADC96958336}.Release|Any CPU.ActiveCfg = Release|Any CPU
		{43207A95-18C5-42DF-87D4-FADC96958336}.Release|Any CPU.Build.0 = Release|Any CPU
		{FCF5DD71-6FED-4583-A13A-4458523F369E}.Debug|Any CPU.ActiveCfg = Debug|Any CPU
		{FCF5DD71-6FED-4583-A13A-4458523F369E}.Debug|Any CPU.Build.0 = Debug|Any CPU
		{FCF5DD71-6FED-4583-A13A-4458523F369E}.Release|Any CPU.ActiveCfg = Release|Any CPU
		{FCF5DD71-6FED-4583-A13A-4458523F369E}.Release|Any CPU.Build.0 = Release|Any CPU
		{C41601DC-4A62-4BA1-969F-8519D4BADE6E}.Debug|Any CPU.ActiveCfg = Debug|Any CPU
		{C41601DC-4A62-4BA1-969F-8519D4BADE6E}.Debug|Any CPU.Build.0 = Debug|Any CPU
		{C41601DC-4A62-4BA1-969F-8519D4BADE6E}.Release|Any CPU.ActiveCfg = Release|Any CPU
		{C41601DC-4A62-4BA1-969F-8519D4BADE6E}.Release|Any CPU.Build.0 = Release|Any CPU
		{BC547DBF-953C-43CD-AC93-ABCFC2FE1765}.Debug|Any CPU.ActiveCfg = Debug|Any CPU
		{BC547DBF-953C-43CD-AC93-ABCFC2FE1765}.Debug|Any CPU.Build.0 = Debug|Any CPU
		{BC547DBF-953C-43CD-AC93-ABCFC2FE1765}.Release|Any CPU.ActiveCfg = Release|Any CPU
		{BC547DBF-953C-43CD-AC93-ABCFC2FE1765}.Release|Any CPU.Build.0 = Release|Any CPU
		{A3462F36-032B-4732-BA55-90FFABB64E37}.Debug|Any CPU.ActiveCfg = Debug|Any CPU
		{A3462F36-032B-4732-BA55-90FFABB64E37}.Debug|Any CPU.Build.0 = Debug|Any CPU
		{A3462F36-032B-4732-BA55-90FFABB64E37}.Release|Any CPU.ActiveCfg = Release|Any CPU
		{A3462F36-032B-4732-BA55-90FFABB64E37}.Release|Any CPU.Build.0 = Release|Any CPU
	EndGlobalSection
	GlobalSection(SolutionProperties) = preSolution
		HideSolutionNode = FALSE
	EndGlobalSection
	GlobalSection(ExtensibilityGlobals) = postSolution
		SolutionGuid = {1EDAB316-B2A4-463E-B3C4-D160F6213486}
	EndGlobalSection
EndGlobal
